github.com/google/uuid v1.0.0 h1:b4Gk+7WdP/d3HZH8EJsZpvV7EtDOgaZLtnaNGIu1adA=
github.com/google/uuid v1.0.0/go.mod h1:TIyPZe4MgqvfeYDBFedMoGGpEw/LqOeaOT+nhxU+yHo=
github.com/pborman/uuid v1.2.1 h1:+ZZIw58t/ozdjRaXh/3awHfmWRbzYxJoAdNJxe/3pvw=
github.com/pborman/uuid v1.2.1/go.mod h1:X/NO0urCmaxf9VXbdlT7C2Yzkj2IKimNn4k+gtPdI/k=
github.com/sgade/randomorg v0.0.0-20190406144034-640a49fc64e0 h1:PYRF8OSotWUb3Z2zYPVY5JCvmzgAZTGDEgj+m01Y9Wc=
github.com/sgade/randomorg v0.0.0-20190406144034-640a49fc64e0/go.mod h1:qyjORGxygDWQDYnRJrH0KukAw8C9nCodDe1+lvBhGDw=
